
Microsoft Visual Studio Solution File, Format Version 12.00
# Visual Studio Version 16
VisualStudioVersion = 16.0.31613.86
MinimumVisualStudioVersion = 10.0.40219.1
Project("{9A19103F-16F7-4668-BE54-9A1E7A4F7556}") = "Lab2.DataAccessLayer", "Lab2.DataAccessLayer\Lab2.DataAccessLayer.csproj", "{AB5F5B0B-5C98-4C0C-AC63-8DFBBEF3EA9A}"
EndProject
Project("{9A19103F-16F7-4668-BE54-9A1E7A4F7556}") = "Lab2.Entities", "Lab2.Entities\Lab2.Entities.csproj", "{A76E515B-4500-4DB0-85E3-253F521D3788}"
EndProject
Project("{9A19103F-16F7-4668-BE54-9A1E7A4F7556}") = "Lab2.TaskManagerApi", "Lab2.TaskManagerApi\Lab2.TaskManagerApi.csproj", "{350EBDFC-6E2F-4A62-9AD7-4BEAD23A45AE}"
EndProject
Project("{FAE04EC0-301F-11D3-BF4B-00C04F79EFBC}") = "Lab2.TaskManagerWebApp", "Lab2.TaskManagerWebApp\Lab2.TaskManagerWebApp.csproj", "{7D6FB4C2-51D0-4E44-B913-1FA1425AC443}"
EndProject
Global
	GlobalSection(SolutionConfigurationPlatforms) = preSolution
		Debug|Any CPU = Debug|Any CPU
		Release|Any CPU = Release|Any CPU
	EndGlobalSection
	GlobalSection(ProjectConfigurationPlatforms) = postSolution
		{AB5F5B0B-5C98-4C0C-AC63-8DFBBEF3EA9A}.Debug|Any CPU.ActiveCfg = Debug|Any CPU
		{AB5F5B0B-5C98-4C0C-AC63-8DFBBEF3EA9A}.Debug|Any CPU.Build.0 = Debug|Any CPU
		{AB5F5B0B-5C98-4C0C-AC63-8DFBBEF3EA9A}.Release|Any CPU.ActiveCfg = Release|Any CPU
		{AB5F5B0B-5C98-4C0C-AC63-8DFBBEF3EA9A}.Release|Any CPU.Build.0 = Release|Any CPU
		{A76E515B-4500-4DB0-85E3-253F521D3788}.Debug|Any CPU.ActiveCfg = Debug|Any CPU
		{A76E515B-4500-4DB0-85E3-253F521D3788}.Debug|Any CPU.Build.0 = Debug|Any CPU
		{A76E515B-4500-4DB0-85E3-253F521D3788}.Release|Any CPU.ActiveCfg = Release|Any CPU
		{A76E515B-4500-4DB0-85E3-253F521D3788}.Release|Any CPU.Build.0 = Release|Any CPU
		{350EBDFC-6E2F-4A62-9AD7-4BEAD23A45AE}.Debug|Any CPU.ActiveCfg = Debug|Any CPU
		{350EBDFC-6E2F-4A62-9AD7-4BEAD23A45AE}.Debug|Any CPU.Build.0 = Debug|Any CPU
		{350EBDFC-6E2F-4A62-9AD7-4BEAD23A45AE}.Release|Any CPU.ActiveCfg = Release|Any CPU
		{350EBDFC-6E2F-4A62-9AD7-4BEAD23A45AE}.Release|Any CPU.Build.0 = Release|Any CPU
		{7D6FB4C2-51D0-4E44-B913-1FA1425AC443}.Debug|Any CPU.ActiveCfg = Debug|Any CPU
		{7D6FB4C2-51D0-4E44-B913-1FA1425AC443}.Debug|Any CPU.Build.0 = Debug|Any CPU
		{7D6FB4C2-51D0-4E44-B913-1FA1425AC443}.Release|Any CPU.ActiveCfg = Release|Any CPU
		{7D6FB4C2-51D0-4E44-B913-1FA1425AC443}.Release|Any CPU.Build.0 = Release|Any CPU
	EndGlobalSection
	GlobalSection(SolutionProperties) = preSolution
		HideSolutionNode = FALSE
	EndGlobalSection
	GlobalSection(ExtensibilityGlobals) = postSolution
		SolutionGuid = {8622C8E6-5981-4A7F-83A2-A60EC67B54CB}
	EndGlobalSection
EndGlobal
